
Microsoft Visual Studio Solution File, Format Version 12.00
# Visual Studio Version 17
VisualStudioVersion = 17.4.33213.308
MinimumVisualStudioVersion = 10.0.40219.1
Project("{FAE04EC0-301F-11D3-BF4B-00C04F79EFBC}") = "Roshambo", "Roshambo\Roshambo.csproj", "{832F33ED-7F12-4AEE-A027-4888BD39DD29}"
EndProject
Global
	GlobalSection(SolutionConfigurationPlatforms) = preSolution
		Debug|Any CPU = Debug|Any CPU
		Release|Any CPU = Release|Any CPU
	EndGlobalSection
	GlobalSection(ProjectConfigurationPlatforms) = postSolution
		{832F33ED-7F12-4AEE-A027-4888BD39DD29}.Debug|Any CPU.ActiveCfg = Debug|Any CPU
		{832F33ED-7F12-4AEE-A027-4888BD39DD29}.Debug|Any CPU.Build.0 = Debug|Any CPU
		{832F33ED-7F12-4AEE-A027-4888BD39DD29}.Release|Any CPU.ActiveCfg = Release|Any CPU
		{832F33ED-7F12-4AEE-A027-4888BD39DD29}.Release|Any CPU.Build.0 = Release|Any CPU
	EndGlobalSection
	GlobalSection(SolutionProperties) = preSolution
		HideSolutionNode = FALSE
	EndGlobalSection
	GlobalSection(ExtensibilityGlobals) = postSolution
		SolutionGuid = {280C67E4-C1B9-4BF0-B7ED-B26752DEF233}
	EndGlobalSection
EndGlobal
